PODS:
  - FittedSheets (2.4.0)
  - Reusable (4.1.1):
    - Reusable/Storyboard (= 4.1.1)
    - Reusable/View (= 4.1.1)
  - Reusable/Storyboard (4.1.1)
  - Reusable/View (4.1.1)

DEPENDENCIES:
  - FittedSheets
  - Reusable

SPEC REPOS:
  trunk:
    - FittedSheets
    - Reusable

SPEC CHECKSUMS:
  FittedSheets: 470a7740a083156d711ab6ccd37d1d539005e6aa
  Reusable: 53a9acf5c536f229b31b5865782414b508252ddb

PODFILE CHECKSUM: ff3fc705623b581abac46a4244a8ca724da28575

COCOAPODS: 1.10.1
